
Microsoft Visual Studio Solution File, Format Version 12.00
# Visual Studio Version 17
VisualStudioVersion = 17.1.32407.343
MinimumVisualStudioVersion = 10.0.40219.1
Project("{9A19103F-16F7-4668-BE54-9A1E7A4F7556}") = "Intrusive.Visitor", "Intrusive.Visitor\Intrusive.Visitor.csproj", "{F567F5C8-C75D-44B4-83E7-AABA10B393EF}"
EndProject
Project("{9A19103F-16F7-4668-BE54-9A1E7A4F7556}") = "Recletive.Visitor", "Recletive.Visitor\Recletive.Visitor.csproj", "{948CAE81-09D7-4013-93C2-6187DE56CC27}"
EndProject
Project("{9A19103F-16F7-4668-BE54-9A1E7A4F7556}") = "Classic.Visitor", "Classic.Visitor\Classic.Visitor.csproj", "{3178EBF8-4A1E-43F8-9E14-B7D1BB839B28}"
EndProject
Project("{FAE04EC0-301F-11D3-BF4B-00C04F79EFBC}") = "ReductionAndTransform", "ReductionAndTransform\ReductionAndTransform.csproj", "{8C592BEC-8B71-44D9-80B8-F746CF0FBD25}"
EndProject
Global
	GlobalSection(SolutionConfigurationPlatforms) = preSolution
		Debug|Any CPU = Debug|Any CPU
		Release|Any CPU = Release|Any CPU
	EndGlobalSection
	GlobalSection(ProjectConfigurationPlatforms) = postSolution
		{F567F5C8-C75D-44B4-83E7-AABA10B393EF}.Debug|Any CPU.ActiveCfg = Debug|Any CPU
		{F567F5C8-C75D-44B4-83E7-AABA10B393EF}.Debug|Any CPU.Build.0 = Debug|Any CPU
		{F567F5C8-C75D-44B4-83E7-AABA10B393EF}.Release|Any CPU.ActiveCfg = Release|Any CPU
		{F567F5C8-C75D-44B4-83E7-AABA10B393EF}.Release|Any CPU.Build.0 = Release|Any CPU
		{948CAE81-09D7-4013-93C2-6187DE56CC27}.Debug|Any CPU.ActiveCfg = Debug|Any CPU
		{948CAE81-09D7-4013-93C2-6187DE56CC27}.Debug|Any CPU.Build.0 = Debug|Any CPU
		{948CAE81-09D7-4013-93C2-6187DE56CC27}.Release|Any CPU.ActiveCfg = Release|Any CPU
		{948CAE81-09D7-4013-93C2-6187DE56CC27}.Release|Any CPU.Build.0 = Release|Any CPU
		{3178EBF8-4A1E-43F8-9E14-B7D1BB839B28}.Debug|Any CPU.ActiveCfg = Debug|Any CPU
		{3178EBF8-4A1E-43F8-9E14-B7D1BB839B28}.Debug|Any CPU.Build.0 = Debug|Any CPU
		{3178EBF8-4A1E-43F8-9E14-B7D1BB839B28}.Release|Any CPU.ActiveCfg = Release|Any CPU
		{3178EBF8-4A1E-43F8-9E14-B7D1BB839B28}.Release|Any CPU.Build.0 = Release|Any CPU
		{8C592BEC-8B71-44D9-80B8-F746CF0FBD25}.Debug|Any CPU.ActiveCfg = Debug|Any CPU
		{8C592BEC-8B71-44D9-80B8-F746CF0FBD25}.Debug|Any CPU.Build.0 = Debug|Any CPU
		{8C592BEC-8B71-44D9-80B8-F746CF0FBD25}.Release|Any CPU.ActiveCfg = Release|Any CPU
		{8C592BEC-8B71-44D9-80B8-F746CF0FBD25}.Release|Any CPU.Build.0 = Release|Any CPU
	EndGlobalSection
	GlobalSection(SolutionProperties) = preSolution
		HideSolutionNode = FALSE
	EndGlobalSection
	GlobalSection(ExtensibilityGlobals) = postSolution
		SolutionGuid = {1C101DD2-34F9-4462-B911-10DA0EDEAD60}
	EndGlobalSection
EndGlobal
